
Microsoft Visual Studio Solution File, Format Version 12.00
# Visual Studio 14
VisualStudioVersion = 14.0.25420.1
MinimumVisualStudioVersion = 10.0.40219.1
Project("{FAE04EC0-301F-11D3-BF4B-00C04F79EFBC}") = "CDMS.Model", "CDMS.model\CDMS.Model.csproj", "{77661664-89D8-4C70-80F0-27798DFC13CD}"
EndProject
Project("{FAE04EC0-301F-11D3-BF4B-00C04F79EFBC}") = "CDMS.Language", "CDMS.language\CDMS.Language.csproj", "{88DBA730-4802-4E4F-B6BA-B93033D0E3A5}"
EndProject
Project("{FAE04EC0-301F-11D3-BF4B-00C04F79EFBC}") = "CDMS.Service", "CDMS.service\CDMS.Service.csproj", "{2486FB8C-6467-4814-AC49-3E606458D39A}"
EndProject
Project("{FAE04EC0-301F-11D3-BF4B-00C04F79EFBC}") = "CDMS.Web", "CDMS.Web\CDMS.Web.csproj", "{0DD17443-48BD-4936-8FBC-C0F16622EADA}"
EndProject
Global
	GlobalSection(SubversionScc) = preSolution
		Svn-Managed = True
		Manager = AnkhSVN - Subversion Support for Visual Studio
	EndGlobalSection
	GlobalSection(SolutionConfigurationPlatforms) = preSolution
		Debug|Any CPU = Debug|Any CPU
		Release|Any CPU = Release|Any CPU
	EndGlobalSection
	GlobalSection(ProjectConfigurationPlatforms) = postSolution
		{77661664-89D8-4C70-80F0-27798DFC13CD}.Debug|Any CPU.ActiveCfg = Debug|Any CPU
		{77661664-89D8-4C70-80F0-27798DFC13CD}.Debug|Any CPU.Build.0 = Debug|Any CPU
		{77661664-89D8-4C70-80F0-27798DFC13CD}.Release|Any CPU.ActiveCfg = Release|Any CPU
		{77661664-89D8-4C70-80F0-27798DFC13CD}.Release|Any CPU.Build.0 = Release|Any CPU
		{88DBA730-4802-4E4F-B6BA-B93033D0E3A5}.Debug|Any CPU.ActiveCfg = Debug|Any CPU
		{88DBA730-4802-4E4F-B6BA-B93033D0E3A5}.Debug|Any CPU.Build.0 = Debug|Any CPU
		{88DBA730-4802-4E4F-B6BA-B93033D0E3A5}.Release|Any CPU.ActiveCfg = Release|Any CPU
		{88DBA730-4802-4E4F-B6BA-B93033D0E3A5}.Release|Any CPU.Build.0 = Release|Any CPU
		{2486FB8C-6467-4814-AC49-3E606458D39A}.Debug|Any CPU.ActiveCfg = Debug|Any CPU
		{2486FB8C-6467-4814-AC49-3E606458D39A}.Debug|Any CPU.Build.0 = Debug|Any CPU
		{2486FB8C-6467-4814-AC49-3E606458D39A}.Release|Any CPU.ActiveCfg = Release|Any CPU
		{2486FB8C-6467-4814-AC49-3E606458D39A}.Release|Any CPU.Build.0 = Release|Any CPU
		{0DD17443-48BD-4936-8FBC-C0F16622EADA}.Debug|Any CPU.ActiveCfg = Debug|Any CPU
		{0DD17443-48BD-4936-8FBC-C0F16622EADA}.Debug|Any CPU.Build.0 = Debug|Any CPU
		{0DD17443-48BD-4936-8FBC-C0F16622EADA}.Release|Any CPU.ActiveCfg = Release|Any CPU
		{0DD17443-48BD-4936-8FBC-C0F16622EADA}.Release|Any CPU.Build.0 = Release|Any CPU
	EndGlobalSection
	GlobalSection(SolutionProperties) = preSolution
		HideSolutionNode = FALSE
	EndGlobalSection
EndGlobal
